
Microsoft Visual Studio Solution File, Format Version 12.00
# Visual Studio 15
VisualStudioVersion = 15.0.28010.2050
MinimumVisualStudioVersion = 10.0.40219.1
Project("{FAE04EC0-301F-11D3-BF4B-00C04F79EFBC}") = "SimpleCalcTestBLL", "SimpleCalcTestBLL\SimpleCalcTestBLL.csproj", "{7E670A7B-83F8-41B5-93C0-C8D35DB3128E}"
EndProject
Project("{FAE04EC0-301F-11D3-BF4B-00C04F79EFBC}") = "Calculator Unittest", "Calculator Unittest\Calculator Unittest.csproj", "{A1910719-8C00-4AE2-B34C-B57B522F0DEE}"
EndProject
Global
	GlobalSection(SolutionConfigurationPlatforms) = preSolution
		Debug|Any CPU = Debug|Any CPU
		Release|Any CPU = Release|Any CPU
	EndGlobalSection
	GlobalSection(ProjectConfigurationPlatforms) = postSolution
		{7E670A7B-83F8-41B5-93C0-C8D35DB3128E}.Debug|Any CPU.ActiveCfg = Debug|Any CPU
		{7E670A7B-83F8-41B5-93C0-C8D35DB3128E}.Debug|Any CPU.Build.0 = Debug|Any CPU
		{7E670A7B-83F8-41B5-93C0-C8D35DB3128E}.Release|Any CPU.ActiveCfg = Release|Any CPU
		{7E670A7B-83F8-41B5-93C0-C8D35DB3128E}.Release|Any CPU.Build.0 = Release|Any CPU
		{A1910719-8C00-4AE2-B34C-B57B522F0DEE}.Debug|Any CPU.ActiveCfg = Debug|Any CPU
		{A1910719-8C00-4AE2-B34C-B57B522F0DEE}.Debug|Any CPU.Build.0 = Debug|Any CPU
		{A1910719-8C00-4AE2-B34C-B57B522F0DEE}.Release|Any CPU.ActiveCfg = Release|Any CPU
		{A1910719-8C00-4AE2-B34C-B57B522F0DEE}.Release|Any CPU.Build.0 = Release|Any CPU
	EndGlobalSection
	GlobalSection(SolutionProperties) = preSolution
		HideSolutionNode = FALSE
	EndGlobalSection
	GlobalSection(ExtensibilityGlobals) = postSolution
		SolutionGuid = {30CD8B7C-9901-46EB-A918-2480488E0BF5}
	EndGlobalSection
EndGlobal
